PODS:
  - Charts (3.6.0):
    - Charts/Core (= 3.6.0)
  - Charts/Core (3.6.0)
  - Eureka (5.3.3)
  - Instructions (2.0.1)
  - MBCircularProgressBar (0.3.5)

DEPENDENCIES:
  - Charts
  - Eureka
  - Instructions (~> 2.0.1)
  - MBCircularProgressBar

SPEC REPOS:
  trunk:
    - Charts
    - Eureka
    - Instructions
    - MBCircularProgressBar

SPEC CHECKSUMS:
  Charts: b1e3a1f5a1c9ba5394438ca3b91bd8c9076310af
  Eureka: e6d720290c56bb23333ad1a0e020b2a98a0e9a43
  Instructions: dd428e3776fcdcec18bf4242b9d3fb2d1cbd6cc9
  MBCircularProgressBar: 0b795b722a5eb5b0923822f90474e2576a1a7855

PODFILE CHECKSUM: 3f6b61dcab855c3076c61125b9e97c8b2f7771ae

COCOAPODS: 1.10.1
